
Microsoft Visual Studio Solution File, Format Version 12.00
# Visual Studio Version 16
VisualStudioVersion = 16.0.31624.102
MinimumVisualStudioVersion = 10.0.40219.1
Project("{FAE04EC0-301F-11D3-BF4B-00C04F79EFBC}") = "numimpar", "numimpar\numimpar.csproj", "{60DC170D-59E3-4CE5-8636-1B97CDD813CD}"
EndProject
Global
	GlobalSection(SolutionConfigurationPlatforms) = preSolution
		Debug|Any CPU = Debug|Any CPU
		Release|Any CPU = Release|Any CPU
	EndGlobalSection
	GlobalSection(ProjectConfigurationPlatforms) = postSolution
		{60DC170D-59E3-4CE5-8636-1B97CDD813CD}.Debug|Any CPU.ActiveCfg = Debug|Any CPU
		{60DC170D-59E3-4CE5-8636-1B97CDD813CD}.Debug|Any CPU.Build.0 = Debug|Any CPU
		{60DC170D-59E3-4CE5-8636-1B97CDD813CD}.Release|Any CPU.ActiveCfg = Release|Any CPU
		{60DC170D-59E3-4CE5-8636-1B97CDD813CD}.Release|Any CPU.Build.0 = Release|Any CPU
	EndGlobalSection
	GlobalSection(SolutionProperties) = preSolution
		HideSolutionNode = FALSE
	EndGlobalSection
	GlobalSection(ExtensibilityGlobals) = postSolution
		SolutionGuid = {60E1FC0F-143C-4857-9975-29515577CBA6}
	EndGlobalSection
EndGlobal
